
Microsoft Visual Studio Solution File, Format Version 12.00
# Visual Studio Version 16
VisualStudioVersion = 16.0.29926.136
MinimumVisualStudioVersion = 10.0.40219.1
Project("{FAE04EC0-301F-11D3-BF4B-00C04F79EFBC}") = "FHIR.Business", "FHIR.Business\FHIR.Business.csproj", "{000BC434-4B18-42CA-944B-E754CD14FA2B}"
EndProject
Project("{FAE04EC0-301F-11D3-BF4B-00C04F79EFBC}") = "FHIR.Business.Tests", "FHIR.Business.Tests\FHIR.Business.Tests.csproj", "{44872717-20B9-4AE2-B62F-124E8DC5955F}"
EndProject
Project("{FAE04EC0-301F-11D3-BF4B-00C04F79EFBC}") = "FHIR.Dal", "FHIR.DAL\FHIR.Dal.csproj", "{65EA57D4-669B-425B-9846-585DCBCA3298}"
EndProject
Project("{FAE04EC0-301F-11D3-BF4B-00C04F79EFBC}") = "FHIR.EntityFramework", "FHIR.EntityFramework\FHIR.EntityFramework.csproj", "{9D058B95-DB04-4DF4-97DA-F81F0DD3F905}"
EndProject
Project("{FAE04EC0-301F-11D3-BF4B-00C04F79EFBC}") = "FHIRProcessor", "FHIRProcessor\FHIRProcessor.csproj", "{30128CBA-116A-42F3-88F2-DDC5A378862F}"
EndProject
Project("{FAE04EC0-301F-11D3-BF4B-00C04F79EFBC}") = "VA.EDI.F277", "VA.EDI.F277\VA.EDI.F277.csproj", "{7D995094-C7D5-46E2-8BF6-452DCD4FF2CC}"
EndProject
Project("{FAE04EC0-301F-11D3-BF4B-00C04F79EFBC}") = "VA.FSC.Services.Common", "VA.FSC.Services.Common\VA.FSC.Services.Common.csproj", "{BD0CE6BC-8334-44C0-B133-8289CC72389E}"
EndProject
Project("{FAE04EC0-301F-11D3-BF4B-00C04F79EFBC}") = "FSC.ServiceBus", "FSC.ServiceBus\FSC.ServiceBus.csproj", "{54E47DB8-5F0F-41A8-9F41-189F66655020}"
EndProject
Project("{FAE04EC0-301F-11D3-BF4B-00C04F79EFBC}") = "FSC.ServiceBus.Abstractions", "FSC.ServiceBus.Abstractions\FSC.ServiceBus.Abstractions.csproj", "{70F1D4EB-98BB-480A-B1A1-F3DB138CF31C}"
EndProject
Global
	GlobalSection(SolutionConfigurationPlatforms) = preSolution
		Debug|Any CPU = Debug|Any CPU
		Debug|x64 = Debug|x64
		Release_Dev_CI|Any CPU = Release_Dev_CI|Any CPU
		Release_Dev_CI|x64 = Release_Dev_CI|x64
		Release_Dev_HF|Any CPU = Release_Dev_HF|Any CPU
		Release_Dev_HF|x64 = Release_Dev_HF|x64
		Release_Dev|Any CPU = Release_Dev|Any CPU
		Release_Dev|x64 = Release_Dev|x64
		Release_PreProd|Any CPU = Release_PreProd|Any CPU
		Release_PreProd|x64 = Release_PreProd|x64
		Release_Prod|Any CPU = Release_Prod|Any CPU
		Release_Prod|x64 = Release_Prod|x64
		Release_Utest_HF|Any CPU = Release_Utest_HF|Any CPU
		Release_Utest_HF|x64 = Release_Utest_HF|x64
		Release_Utest|Any CPU = Release_Utest|Any CPU
		Release_Utest|x64 = Release_Utest|x64
		Release|Any CPU = Release|Any CPU
		Release|x64 = Release|x64
	EndGlobalSection
	GlobalSection(ProjectConfigurationPlatforms) = postSolution
		{000BC434-4B18-42CA-944B-E754CD14FA2B}.Debug|Any CPU.ActiveCfg = Debug|Any CPU
		{000BC434-4B18-42CA-944B-E754CD14FA2B}.Debug|Any CPU.Build.0 = Debug|Any CPU
		{000BC434-4B18-42CA-944B-E754CD14FA2B}.Debug|x64.ActiveCfg = Debug|Any CPU
		{000BC434-4B18-42CA-944B-E754CD14FA2B}.Debug|x64.Build.0 = Debug|Any CPU
		{000BC434-4B18-42CA-944B-E754CD14FA2B}.Release_Dev_CI|Any CPU.ActiveCfg = Release|Any CPU
		{000BC434-4B18-42CA-944B-E754CD14FA2B}.Release_Dev_CI|Any CPU.Build.0 = Release|Any CPU
		{000BC434-4B18-42CA-944B-E754CD14FA2B}.Release_Dev_CI|x64.ActiveCfg = Release|Any CPU
		{000BC434-4B18-42CA-944B-E754CD14FA2B}.Release_Dev_CI|x64.Build.0 = Release|Any CPU
		{000BC434-4B18-42CA-944B-E754CD14FA2B}.Release_Dev_HF|Any CPU.ActiveCfg = Release|Any CPU
		{000BC434-4B18-42CA-944B-E754CD14FA2B}.Release_Dev_HF|Any CPU.Build.0 = Release|Any CPU
		{000BC434-4B18-42CA-944B-E754CD14FA2B}.Release_Dev_HF|x64.ActiveCfg = Release|Any CPU
		{000BC434-4B18-42CA-944B-E754CD14FA2B}.Release_Dev_HF|x64.Build.0 = Release|Any CPU
		{000BC434-4B18-42CA-944B-E754CD14FA2B}.Release_Dev|Any CPU.ActiveCfg = Release|Any CPU
		{000BC434-4B18-42CA-944B-E754CD14FA2B}.Release_Dev|Any CPU.Build.0 = Release|Any CPU
		{000BC434-4B18-42CA-944B-E754CD14FA2B}.Release_Dev|x64.ActiveCfg = Release|Any CPU
		{000BC434-4B18-42CA-944B-E754CD14FA2B}.Release_Dev|x64.Build.0 = Release|Any CPU
		{000BC434-4B18-42CA-944B-E754CD14FA2B}.Release_PreProd|Any CPU.ActiveCfg = Release|Any CPU
		{000BC434-4B18-42CA-944B-E754CD14FA2B}.Release_PreProd|Any CPU.Build.0 = Release|Any CPU
		{000BC434-4B18-42CA-944B-E754CD14FA2B}.Release_PreProd|x64.ActiveCfg = Release|Any CPU
		{000BC434-4B18-42CA-944B-E754CD14FA2B}.Release_PreProd|x64.Build.0 = Release|Any CPU
		{000BC434-4B18-42CA-944B-E754CD14FA2B}.Release_Prod|Any CPU.ActiveCfg = Release|Any CPU
		{000BC434-4B18-42CA-944B-E754CD14FA2B}.Release_Prod|Any CPU.Build.0 = Release|Any CPU
		{000BC434-4B18-42CA-944B-E754CD14FA2B}.Release_Prod|x64.ActiveCfg = Release|Any CPU
		{000BC434-4B18-42CA-944B-E754CD14FA2B}.Release_Prod|x64.Build.0 = Release|Any CPU
		{000BC434-4B18-42CA-944B-E754CD14FA2B}.Release_Utest_HF|Any CPU.ActiveCfg = Release|Any CPU
		{000BC434-4B18-42CA-944B-E754CD14FA2B}.Release_Utest_HF|Any CPU.Build.0 = Release|Any CPU
		{000BC434-4B18-42CA-944B-E754CD14FA2B}.Release_Utest_HF|x64.ActiveCfg = Release|Any CPU
		{000BC434-4B18-42CA-944B-E754CD14FA2B}.Release_Utest_HF|x64.Build.0 = Release|Any CPU
		{000BC434-4B18-42CA-944B-E754CD14FA2B}.Release_Utest|Any CPU.ActiveCfg = Release|Any CPU
		{000BC434-4B18-42CA-944B-E754CD14FA2B}.Release_Utest|Any CPU.Build.0 = Release|Any CPU
		{000BC434-4B18-42CA-944B-E754CD14FA2B}.Release_Utest|x64.ActiveCfg = Release|Any CPU
		{000BC434-4B18-42CA-944B-E754CD14FA2B}.Release_Utest|x64.Build.0 = Release|Any CPU
		{000BC434-4B18-42CA-944B-E754CD14FA2B}.Release|Any CPU.ActiveCfg = Release|Any CPU
		{000BC434-4B18-42CA-944B-E754CD14FA2B}.Release|Any CPU.Build.0 = Release|Any CPU
		{000BC434-4B18-42CA-944B-E754CD14FA2B}.Release|x64.ActiveCfg = Release|Any CPU
		{000BC434-4B18-42CA-944B-E754CD14FA2B}.Release|x64.Build.0 = Release|Any CPU
		{44872717-20B9-4AE2-B62F-124E8DC5955F}.Debug|Any CPU.ActiveCfg = Debug|Any CPU
		{44872717-20B9-4AE2-B62F-124E8DC5955F}.Debug|Any CPU.Build.0 = Debug|Any CPU
		{44872717-20B9-4AE2-B62F-124E8DC5955F}.Debug|x64.ActiveCfg = Debug|Any CPU
		{44872717-20B9-4AE2-B62F-124E8DC5955F}.Debug|x64.Build.0 = Debug|Any CPU
		{44872717-20B9-4AE2-B62F-124E8DC5955F}.Release_Dev_CI|Any CPU.ActiveCfg = Release|Any CPU
		{44872717-20B9-4AE2-B62F-124E8DC5955F}.Release_Dev_CI|Any CPU.Build.0 = Release|Any CPU
		{44872717-20B9-4AE2-B62F-124E8DC5955F}.Release_Dev_CI|x64.ActiveCfg = Release|Any CPU
		{44872717-20B9-4AE2-B62F-124E8DC5955F}.Release_Dev_CI|x64.Build.0 = Release|Any CPU
		{44872717-20B9-4AE2-B62F-124E8DC5955F}.Release_Dev_HF|Any CPU.ActiveCfg = Release|Any CPU
		{44872717-20B9-4AE2-B62F-124E8DC5955F}.Release_Dev_HF|Any CPU.Build.0 = Release|Any CPU
		{44872717-20B9-4AE2-B62F-124E8DC5955F}.Release_Dev_HF|x64.ActiveCfg = Release|Any CPU
		{44872717-20B9-4AE2-B62F-124E8DC5955F}.Release_Dev_HF|x64.Build.0 = Release|Any CPU
		{44872717-20B9-4AE2-B62F-124E8DC5955F}.Release_Dev|Any CPU.ActiveCfg = Release|Any CPU
		{44872717-20B9-4AE2-B62F-124E8DC5955F}.Release_Dev|Any CPU.Build.0 = Release|Any CPU
		{44872717-20B9-4AE2-B62F-124E8DC5955F}.Release_Dev|x64.ActiveCfg = Release|Any CPU
		{44872717-20B9-4AE2-B62F-124E8DC5955F}.Release_Dev|x64.Build.0 = Release|Any CPU
		{44872717-20B9-4AE2-B62F-124E8DC5955F}.Release_PreProd|Any CPU.ActiveCfg = Release|Any CPU
		{44872717-20B9-4AE2-B62F-124E8DC5955F}.Release_PreProd|Any CPU.Build.0 = Release|Any CPU
		{44872717-20B9-4AE2-B62F-124E8DC5955F}.Release_PreProd|x64.ActiveCfg = Release|Any CPU
		{44872717-20B9-4AE2-B62F-124E8DC5955F}.Release_PreProd|x64.Build.0 = Release|Any CPU
		{44872717-20B9-4AE2-B62F-124E8DC5955F}.Release_Prod|Any CPU.ActiveCfg = Release|Any CPU
		{44872717-20B9-4AE2-B62F-124E8DC5955F}.Release_Prod|Any CPU.Build.0 = Release|Any CPU
		{44872717-20B9-4AE2-B62F-124E8DC5955F}.Release_Prod|x64.ActiveCfg = Release|Any CPU
		{44872717-20B9-4AE2-B62F-124E8DC5955F}.Release_Prod|x64.Build.0 = Release|Any CPU
		{44872717-20B9-4AE2-B62F-124E8DC5955F}.Release_Utest_HF|Any CPU.ActiveCfg = Release|Any CPU
		{44872717-20B9-4AE2-B62F-124E8DC5955F}.Release_Utest_HF|Any CPU.Build.0 = Release|Any CPU
		{44872717-20B9-4AE2-B62F-124E8DC5955F}.Release_Utest_HF|x64.ActiveCfg = Release|Any CPU
		{44872717-20B9-4AE2-B62F-124E8DC5955F}.Release_Utest_HF|x64.Build.0 = Release|Any CPU
		{44872717-20B9-4AE2-B62F-124E8DC5955F}.Release_Utest|Any CPU.ActiveCfg = Release|Any CPU
		{44872717-20B9-4AE2-B62F-124E8DC5955F}.Release_Utest|Any CPU.Build.0 = Release|Any CPU
		{44872717-20B9-4AE2-B62F-124E8DC5955F}.Release_Utest|x64.ActiveCfg = Release|Any CPU
		{44872717-20B9-4AE2-B62F-124E8DC5955F}.Release_Utest|x64.Build.0 = Release|Any CPU
		{44872717-20B9-4AE2-B62F-124E8DC5955F}.Release|Any CPU.ActiveCfg = Release|Any CPU
		{44872717-20B9-4AE2-B62F-124E8DC5955F}.Release|Any CPU.Build.0 = Release|Any CPU
		{44872717-20B9-4AE2-B62F-124E8DC5955F}.Release|x64.ActiveCfg = Release|Any CPU
		{44872717-20B9-4AE2-B62F-124E8DC5955F}.Release|x64.Build.0 = Release|Any CPU
		{65EA57D4-669B-425B-9846-585DCBCA3298}.Debug|Any CPU.ActiveCfg = Debug|Any CPU
		{65EA57D4-669B-425B-9846-585DCBCA3298}.Debug|Any CPU.Build.0 = Debug|Any CPU
		{65EA57D4-669B-425B-9846-585DCBCA3298}.Debug|x64.ActiveCfg = Debug|Any CPU
		{65EA57D4-669B-425B-9846-585DCBCA3298}.Debug|x64.Build.0 = Debug|Any CPU
		{65EA57D4-669B-425B-9846-585DCBCA3298}.Release_Dev_CI|Any CPU.ActiveCfg = Release_Dev_CI|Any CPU
		{65EA57D4-669B-425B-9846-585DCBCA3298}.Release_Dev_CI|Any CPU.Build.0 = Release_Dev_CI|Any CPU
		{65EA57D4-669B-425B-9846-585DCBCA3298}.Release_Dev_CI|x64.ActiveCfg = Release_Dev_CI|Any CPU
		{65EA57D4-669B-425B-9846-585DCBCA3298}.Release_Dev_CI|x64.Build.0 = Release_Dev_CI|Any CPU
		{65EA57D4-669B-425B-9846-585DCBCA3298}.Release_Dev_HF|Any CPU.ActiveCfg = Release_Dev_HF|Any CPU
		{65EA57D4-669B-425B-9846-585DCBCA3298}.Release_Dev_HF|Any CPU.Build.0 = Release_Dev_HF|Any CPU
		{65EA57D4-669B-425B-9846-585DCBCA3298}.Release_Dev_HF|x64.ActiveCfg = Release_Dev_HF|Any CPU
		{65EA57D4-669B-425B-9846-585DCBCA3298}.Release_Dev_HF|x64.Build.0 = Release_Dev_HF|Any CPU
		{65EA57D4-669B-425B-9846-585DCBCA3298}.Release_Dev|Any CPU.ActiveCfg = Release_Dev|Any CPU
		{65EA57D4-669B-425B-9846-585DCBCA3298}.Release_Dev|Any CPU.Build.0 = Release_Dev|Any CPU
		{65EA57D4-669B-425B-9846-585DCBCA3298}.Release_Dev|x64.ActiveCfg = Release_Dev|Any CPU
		{65EA57D4-669B-425B-9846-585DCBCA3298}.Release_Dev|x64.Build.0 = Release_Dev|Any CPU
		{65EA57D4-669B-425B-9846-585DCBCA3298}.Release_PreProd|Any CPU.ActiveCfg = Release_PreProd|Any CPU
		{65EA57D4-669B-425B-9846-585DCBCA3298}.Release_PreProd|Any CPU.Build.0 = Release_PreProd|Any CPU
		{65EA57D4-669B-425B-9846-585DCBCA3298}.Release_PreProd|x64.ActiveCfg = Release_PreProd|Any CPU
		{65EA57D4-669B-425B-9846-585DCBCA3298}.Release_PreProd|x64.Build.0 = Release_PreProd|Any CPU
		{65EA57D4-669B-425B-9846-585DCBCA3298}.Release_Prod|Any CPU.ActiveCfg = Release_Prod|Any CPU
		{65EA57D4-669B-425B-9846-585DCBCA3298}.Release_Prod|Any CPU.Build.0 = Release_Prod|Any CPU
		{65EA57D4-669B-425B-9846-585DCBCA3298}.Release_Prod|x64.ActiveCfg = Release_Prod|Any CPU
		{65EA57D4-669B-425B-9846-585DCBCA3298}.Release_Prod|x64.Build.0 = Release_Prod|Any CPU
		{65EA57D4-669B-425B-9846-585DCBCA3298}.Release_Utest_HF|Any CPU.ActiveCfg = Release_Utest_HF|Any CPU
		{65EA57D4-669B-425B-9846-585DCBCA3298}.Release_Utest_HF|Any CPU.Build.0 = Release_Utest_HF|Any CPU
		{65EA57D4-669B-425B-9846-585DCBCA3298}.Release_Utest_HF|x64.ActiveCfg = Release_Utest_HF|Any CPU
		{65EA57D4-669B-425B-9846-585DCBCA3298}.Release_Utest_HF|x64.Build.0 = Release_Utest_HF|Any CPU
		{65EA57D4-669B-425B-9846-585DCBCA3298}.Release_Utest|Any CPU.ActiveCfg = Release_Utest|Any CPU
		{65EA57D4-669B-425B-9846-585DCBCA3298}.Release_Utest|Any CPU.Build.0 = Release_Utest|Any CPU
		{65EA57D4-669B-425B-9846-585DCBCA3298}.Release_Utest|x64.ActiveCfg = Release_Utest|Any CPU
		{65EA57D4-669B-425B-9846-585DCBCA3298}.Release_Utest|x64.Build.0 = Release_Utest|Any CPU
		{65EA57D4-669B-425B-9846-585DCBCA3298}.Release|Any CPU.ActiveCfg = Release|Any CPU
		{65EA57D4-669B-425B-9846-585DCBCA3298}.Release|Any CPU.Build.0 = Release|Any CPU
		{65EA57D4-669B-425B-9846-585DCBCA3298}.Release|x64.ActiveCfg = Release|Any CPU
		{65EA57D4-669B-425B-9846-585DCBCA3298}.Release|x64.Build.0 = Release|Any CPU
		{9D058B95-DB04-4DF4-97DA-F81F0DD3F905}.Debug|Any CPU.ActiveCfg = Debug|Any CPU
		{9D058B95-DB04-4DF4-97DA-F81F0DD3F905}.Debug|Any CPU.Build.0 = Debug|Any CPU
		{9D058B95-DB04-4DF4-97DA-F81F0DD3F905}.Debug|x64.ActiveCfg = Debug|Any CPU
		{9D058B95-DB04-4DF4-97DA-F81F0DD3F905}.Debug|x64.Build.0 = Debug|Any CPU
		{9D058B95-DB04-4DF4-97DA-F81F0DD3F905}.Release_Dev_CI|Any CPU.ActiveCfg = Release|Any CPU
		{9D058B95-DB04-4DF4-97DA-F81F0DD3F905}.Release_Dev_CI|Any CPU.Build.0 = Release|Any CPU
		{9D058B95-DB04-4DF4-97DA-F81F0DD3F905}.Release_Dev_CI|x64.ActiveCfg = Release|Any CPU
		{9D058B95-DB04-4DF4-97DA-F81F0DD3F905}.Release_Dev_CI|x64.Build.0 = Release|Any CPU
		{9D058B95-DB04-4DF4-97DA-F81F0DD3F905}.Release_Dev_HF|Any CPU.ActiveCfg = Release|Any CPU
		{9D058B95-DB04-4DF4-97DA-F81F0DD3F905}.Release_Dev_HF|Any CPU.Build.0 = Release|Any CPU
		{9D058B95-DB04-4DF4-97DA-F81F0DD3F905}.Release_Dev_HF|x64.ActiveCfg = Release|Any CPU
		{9D058B95-DB04-4DF4-97DA-F81F0DD3F905}.Release_Dev_HF|x64.Build.0 = Release|Any CPU
		{9D058B95-DB04-4DF4-97DA-F81F0DD3F905}.Release_Dev|Any CPU.ActiveCfg = Release|Any CPU
		{9D058B95-DB04-4DF4-97DA-F81F0DD3F905}.Release_Dev|Any CPU.Build.0 = Release|Any CPU
		{9D058B95-DB04-4DF4-97DA-F81F0DD3F905}.Release_Dev|x64.ActiveCfg = Release|Any CPU
		{9D058B95-DB04-4DF4-97DA-F81F0DD3F905}.Release_Dev|x64.Build.0 = Release|Any CPU
		{9D058B95-DB04-4DF4-97DA-F81F0DD3F905}.Release_PreProd|Any CPU.ActiveCfg = Release|Any CPU
		{9D058B95-DB04-4DF4-97DA-F81F0DD3F905}.Release_PreProd|Any CPU.Build.0 = Release|Any CPU
		{9D058B95-DB04-4DF4-97DA-F81F0DD3F905}.Release_PreProd|x64.ActiveCfg = Release|Any CPU
		{9D058B95-DB04-4DF4-97DA-F81F0DD3F905}.Release_PreProd|x64.Build.0 = Release|Any CPU
		{9D058B95-DB04-4DF4-97DA-F81F0DD3F905}.Release_Prod|Any CPU.ActiveCfg = Release|Any CPU
		{9D058B95-DB04-4DF4-97DA-F81F0DD3F905}.Release_Prod|Any CPU.Build.0 = Release|Any CPU
		{9D058B95-DB04-4DF4-97DA-F81F0DD3F905}.Release_Prod|x64.ActiveCfg = Release|Any CPU
		{9D058B95-DB04-4DF4-97DA-F81F0DD3F905}.Release_Prod|x64.Build.0 = Release|Any CPU
		{9D058B95-DB04-4DF4-97DA-F81F0DD3F905}.Release_Utest_HF|Any CPU.ActiveCfg = Release|Any CPU
		{9D058B95-DB04-4DF4-97DA-F81F0DD3F905}.Release_Utest_HF|Any CPU.Build.0 = Release|Any CPU
		{9D058B95-DB04-4DF4-97DA-F81F0DD3F905}.Release_Utest_HF|x64.ActiveCfg = Release|Any CPU
		{9D058B95-DB04-4DF4-97DA-F81F0DD3F905}.Release_Utest_HF|x64.Build.0 = Release|Any CPU
		{9D058B95-DB04-4DF4-97DA-F81F0DD3F905}.Release_Utest|Any CPU.ActiveCfg = Release|Any CPU
		{9D058B95-DB04-4DF4-97DA-F81F0DD3F905}.Release_Utest|Any CPU.Build.0 = Release|Any CPU
		{9D058B95-DB04-4DF4-97DA-F81F0DD3F905}.Release_Utest|x64.ActiveCfg = Release|Any CPU
		{9D058B95-DB04-4DF4-97DA-F81F0DD3F905}.Release_Utest|x64.Build.0 = Release|Any CPU
		{9D058B95-DB04-4DF4-97DA-F81F0DD3F905}.Release|Any CPU.ActiveCfg = Release|Any CPU
		{9D058B95-DB04-4DF4-97DA-F81F0DD3F905}.Release|Any CPU.Build.0 = Release|Any CPU
		{9D058B95-DB04-4DF4-97DA-F81F0DD3F905}.Release|x64.ActiveCfg = Release|Any CPU
		{9D058B95-DB04-4DF4-97DA-F81F0DD3F905}.Release|x64.Build.0 = Release|Any CPU
		{30128CBA-116A-42F3-88F2-DDC5A378862F}.Debug|Any CPU.ActiveCfg = Debug|Any CPU
		{30128CBA-116A-42F3-88F2-DDC5A378862F}.Debug|Any CPU.Build.0 = Debug|Any CPU
		{30128CBA-116A-42F3-88F2-DDC5A378862F}.Debug|x64.ActiveCfg = Debug|Any CPU
		{30128CBA-116A-42F3-88F2-DDC5A378862F}.Debug|x64.Build.0 = Debug|Any CPU
		{30128CBA-116A-42F3-88F2-DDC5A378862F}.Release_Dev_CI|Any CPU.ActiveCfg = Release_Dev_CI|Any CPU
		{30128CBA-116A-42F3-88F2-DDC5A378862F}.Release_Dev_CI|Any CPU.Build.0 = Release_Dev_CI|Any CPU
		{30128CBA-116A-42F3-88F2-DDC5A378862F}.Release_Dev_CI|x64.ActiveCfg = Release_Dev_CI|Any CPU
		{30128CBA-116A-42F3-88F2-DDC5A378862F}.Release_Dev_CI|x64.Build.0 = Release_Dev_CI|Any CPU
		{30128CBA-116A-42F3-88F2-DDC5A378862F}.Release_Dev_HF|Any CPU.ActiveCfg = Release_Dev_HF|Any CPU
		{30128CBA-116A-42F3-88F2-DDC5A378862F}.Release_Dev_HF|Any CPU.Build.0 = Release_Dev_HF|Any CPU
		{30128CBA-116A-42F3-88F2-DDC5A378862F}.Release_Dev_HF|x64.ActiveCfg = Release_Dev_HF|Any CPU
		{30128CBA-116A-42F3-88F2-DDC5A378862F}.Release_Dev_HF|x64.Build.0 = Release_Dev_HF|Any CPU
		{30128CBA-116A-42F3-88F2-DDC5A378862F}.Release_Dev|Any CPU.ActiveCfg = Release_Dev|Any CPU
		{30128CBA-116A-42F3-88F2-DDC5A378862F}.Release_Dev|Any CPU.Build.0 = Release_Dev|Any CPU
		{30128CBA-116A-42F3-88F2-DDC5A378862F}.Release_Dev|x64.ActiveCfg = Release_Dev|Any CPU
		{30128CBA-116A-42F3-88F2-DDC5A378862F}.Release_Dev|x64.Build.0 = Release_Dev|Any CPU
		{30128CBA-116A-42F3-88F2-DDC5A378862F}.Release_PreProd|Any CPU.ActiveCfg = Release_PreProd|Any CPU
		{30128CBA-116A-42F3-88F2-DDC5A378862F}.Release_PreProd|Any CPU.Build.0 = Release_PreProd|Any CPU
		{30128CBA-116A-42F3-88F2-DDC5A378862F}.Release_PreProd|x64.ActiveCfg = Release_PreProd|Any CPU
		{30128CBA-116A-42F3-88F2-DDC5A378862F}.Release_PreProd|x64.Build.0 = Release_PreProd|Any CPU
		{30128CBA-116A-42F3-88F2-DDC5A378862F}.Release_Prod|Any CPU.ActiveCfg = Release_Prod|Any CPU
		{30128CBA-116A-42F3-88F2-DDC5A378862F}.Release_Prod|Any CPU.Build.0 = Release_Prod|Any CPU
		{30128CBA-116A-42F3-88F2-DDC5A378862F}.Release_Prod|x64.ActiveCfg = Release_Prod|Any CPU
		{30128CBA-116A-42F3-88F2-DDC5A378862F}.Release_Prod|x64.Build.0 = Release_Prod|Any CPU
		{30128CBA-116A-42F3-88F2-DDC5A378862F}.Release_Utest_HF|Any CPU.ActiveCfg = Release_Utest_HF|Any CPU
		{30128CBA-116A-42F3-88F2-DDC5A378862F}.Release_Utest_HF|Any CPU.Build.0 = Release_Utest_HF|Any CPU
		{30128CBA-116A-42F3-88F2-DDC5A378862F}.Release_Utest_HF|x64.ActiveCfg = Release_Utest_HF|Any CPU
		{30128CBA-116A-42F3-88F2-DDC5A378862F}.Release_Utest_HF|x64.Build.0 = Release_Utest_HF|Any CPU
		{30128CBA-116A-42F3-88F2-DDC5A378862F}.Release_Utest|Any CPU.ActiveCfg = Release_Utest|Any CPU
		{30128CBA-116A-42F3-88F2-DDC5A378862F}.Release_Utest|Any CPU.Build.0 = Release_Utest|Any CPU
		{30128CBA-116A-42F3-88F2-DDC5A378862F}.Release_Utest|x64.ActiveCfg = Release_Utest|Any CPU
		{30128CBA-116A-42F3-88F2-DDC5A378862F}.Release_Utest|x64.Build.0 = Release_Utest|Any CPU
		{30128CBA-116A-42F3-88F2-DDC5A378862F}.Release|Any CPU.ActiveCfg = Release|Any CPU
		{30128CBA-116A-42F3-88F2-DDC5A378862F}.Release|Any CPU.Build.0 = Release|Any CPU
		{30128CBA-116A-42F3-88F2-DDC5A378862F}.Release|x64.ActiveCfg = Release|Any CPU
		{30128CBA-116A-42F3-88F2-DDC5A378862F}.Release|x64.Build.0 = Release|Any CPU
		{7D995094-C7D5-46E2-8BF6-452DCD4FF2CC}.Debug|Any CPU.ActiveCfg = Debug|Any CPU
		{7D995094-C7D5-46E2-8BF6-452DCD4FF2CC}.Debug|Any CPU.Build.0 = Debug|Any CPU
		{7D995094-C7D5-46E2-8BF6-452DCD4FF2CC}.Debug|x64.ActiveCfg = Debug|Any CPU
		{7D995094-C7D5-46E2-8BF6-452DCD4FF2CC}.Debug|x64.Build.0 = Debug|Any CPU
		{7D995094-C7D5-46E2-8BF6-452DCD4FF2CC}.Release_Dev_CI|Any CPU.ActiveCfg = Release_Dev_CI|Any CPU
		{7D995094-C7D5-46E2-8BF6-452DCD4FF2CC}.Release_Dev_CI|Any CPU.Build.0 = Release_Dev_CI|Any CPU
		{7D995094-C7D5-46E2-8BF6-452DCD4FF2CC}.Release_Dev_CI|x64.ActiveCfg = Release_Dev_CI|Any CPU
		{7D995094-C7D5-46E2-8BF6-452DCD4FF2CC}.Release_Dev_CI|x64.Build.0 = Release_Dev_CI|Any CPU
		{7D995094-C7D5-46E2-8BF6-452DCD4FF2CC}.Release_Dev_HF|Any CPU.ActiveCfg = Release_Dev_HF|Any CPU
		{7D995094-C7D5-46E2-8BF6-452DCD4FF2CC}.Release_Dev_HF|Any CPU.Build.0 = Release_Dev_HF|Any CPU
		{7D995094-C7D5-46E2-8BF6-452DCD4FF2CC}.Release_Dev_HF|x64.ActiveCfg = Release_Dev_HF|Any CPU
		{7D995094-C7D5-46E2-8BF6-452DCD4FF2CC}.Release_Dev_HF|x64.Build.0 = Release_Dev_HF|Any CPU
		{7D995094-C7D5-46E2-8BF6-452DCD4FF2CC}.Release_Dev|Any CPU.ActiveCfg = Release_Dev|Any CPU
		{7D995094-C7D5-46E2-8BF6-452DCD4FF2CC}.Release_Dev|Any CPU.Build.0 = Release_Dev|Any CPU
		{7D995094-C7D5-46E2-8BF6-452DCD4FF2CC}.Release_Dev|x64.ActiveCfg = Release_Dev|Any CPU
		{7D995094-C7D5-46E2-8BF6-452DCD4FF2CC}.Release_Dev|x64.Build.0 = Release_Dev|Any CPU
		{7D995094-C7D5-46E2-8BF6-452DCD4FF2CC}.Release_PreProd|Any CPU.ActiveCfg = Release_PreProd|Any CPU
		{7D995094-C7D5-46E2-8BF6-452DCD4FF2CC}.Release_PreProd|Any CPU.Build.0 = Release_PreProd|Any CPU
		{7D995094-C7D5-46E2-8BF6-452DCD4FF2CC}.Release_PreProd|x64.ActiveCfg = Release_PreProd|Any CPU
		{7D995094-C7D5-46E2-8BF6-452DCD4FF2CC}.Release_PreProd|x64.Build.0 = Release_PreProd|Any CPU
		{7D995094-C7D5-46E2-8BF6-452DCD4FF2CC}.Release_Prod|Any CPU.ActiveCfg = Release_Prod|Any CPU
		{7D995094-C7D5-46E2-8BF6-452DCD4FF2CC}.Release_Prod|Any CPU.Build.0 = Release_Prod|Any CPU
		{7D995094-C7D5-46E2-8BF6-452DCD4FF2CC}.Release_Prod|x64.ActiveCfg = Release_Prod|Any CPU
		{7D995094-C7D5-46E2-8BF6-452DCD4FF2CC}.Release_Prod|x64.Build.0 = Release_Prod|Any CPU
		{7D995094-C7D5-46E2-8BF6-452DCD4FF2CC}.Release_Utest_HF|Any CPU.ActiveCfg = Release_Utest_HF|Any CPU
		{7D995094-C7D5-46E2-8BF6-452DCD4FF2CC}.Release_Utest_HF|Any CPU.Build.0 = Release_Utest_HF|Any CPU
		{7D995094-C7D5-46E2-8BF6-452DCD4FF2CC}.Release_Utest_HF|x64.ActiveCfg = Release_Utest_HF|Any CPU
		{7D995094-C7D5-46E2-8BF6-452DCD4FF2CC}.Release_Utest_HF|x64.Build.0 = Release_Utest_HF|Any CPU
		{7D995094-C7D5-46E2-8BF6-452DCD4FF2CC}.Release_Utest|Any CPU.ActiveCfg = Release_Utest|Any CPU
		{7D995094-C7D5-46E2-8BF6-452DCD4FF2CC}.Release_Utest|Any CPU.Build.0 = Release_Utest|Any CPU
		{7D995094-C7D5-46E2-8BF6-452DCD4FF2CC}.Release_Utest|x64.ActiveCfg = Release_Utest|Any CPU
		{7D995094-C7D5-46E2-8BF6-452DCD4FF2CC}.Release_Utest|x64.Build.0 = Release_Utest|Any CPU
		{7D995094-C7D5-46E2-8BF6-452DCD4FF2CC}.Release|Any CPU.ActiveCfg = Release|Any CPU
		{7D995094-C7D5-46E2-8BF6-452DCD4FF2CC}.Release|Any CPU.Build.0 = Release|Any CPU
		{7D995094-C7D5-46E2-8BF6-452DCD4FF2CC}.Release|x64.ActiveCfg = Release|Any CPU
		{7D995094-C7D5-46E2-8BF6-452DCD4FF2CC}.Release|x64.Build.0 = Release|Any CPU
		{BD0CE6BC-8334-44C0-B133-8289CC72389E}.Debug|Any CPU.ActiveCfg = Debug|Any CPU
		{BD0CE6BC-8334-44C0-B133-8289CC72389E}.Debug|Any CPU.Build.0 = Debug|Any CPU
		{BD0CE6BC-8334-44C0-B133-8289CC72389E}.Debug|x64.ActiveCfg = Debug|Any CPU
		{BD0CE6BC-8334-44C0-B133-8289CC72389E}.Debug|x64.Build.0 = Debug|Any CPU
		{BD0CE6BC-8334-44C0-B133-8289CC72389E}.Release_Dev_CI|Any CPU.ActiveCfg = Release_Dev_CI|Any CPU
		{BD0CE6BC-8334-44C0-B133-8289CC72389E}.Release_Dev_CI|Any CPU.Build.0 = Release_Dev_CI|Any CPU
		{BD0CE6BC-8334-44C0-B133-8289CC72389E}.Release_Dev_CI|x64.ActiveCfg = Release_Dev_CI|Any CPU
		{BD0CE6BC-8334-44C0-B133-8289CC72389E}.Release_Dev_CI|x64.Build.0 = Release_Dev_CI|Any CPU
		{BD0CE6BC-8334-44C0-B133-8289CC72389E}.Release_Dev_HF|Any CPU.ActiveCfg = Release_Dev_HF|Any CPU
		{BD0CE6BC-8334-44C0-B133-8289CC72389E}.Release_Dev_HF|Any CPU.Build.0 = Release_Dev_HF|Any CPU
		{BD0CE6BC-8334-44C0-B133-8289CC72389E}.Release_Dev_HF|x64.ActiveCfg = Release_Dev_HF|Any CPU
		{BD0CE6BC-8334-44C0-B133-8289CC72389E}.Release_Dev_HF|x64.Build.0 = Release_Dev_HF|Any CPU
		{BD0CE6BC-8334-44C0-B133-8289CC72389E}.Release_Dev|Any CPU.ActiveCfg = Release_Dev|Any CPU
		{BD0CE6BC-8334-44C0-B133-8289CC72389E}.Release_Dev|Any CPU.Build.0 = Release_Dev|Any CPU
		{BD0CE6BC-8334-44C0-B133-8289CC72389E}.Release_Dev|x64.ActiveCfg = Release_Dev|Any CPU
		{BD0CE6BC-8334-44C0-B133-8289CC72389E}.Release_Dev|x64.Build.0 = Release_Dev|Any CPU
		{BD0CE6BC-8334-44C0-B133-8289CC72389E}.Release_PreProd|Any CPU.ActiveCfg = Release_PreProd|Any CPU
		{BD0CE6BC-8334-44C0-B133-8289CC72389E}.Release_PreProd|Any CPU.Build.0 = Release_PreProd|Any CPU
		{BD0CE6BC-8334-44C0-B133-8289CC72389E}.Release_PreProd|x64.ActiveCfg = Release_PreProd|Any CPU
		{BD0CE6BC-8334-44C0-B133-8289CC72389E}.Release_PreProd|x64.Build.0 = Release_PreProd|Any CPU
		{BD0CE6BC-8334-44C0-B133-8289CC72389E}.Release_Prod|Any CPU.ActiveCfg = Release_Prod|Any CPU
		{BD0CE6BC-8334-44C0-B133-8289CC72389E}.Release_Prod|Any CPU.Build.0 = Release_Prod|Any CPU
		{BD0CE6BC-8334-44C0-B133-8289CC72389E}.Release_Prod|x64.ActiveCfg = Release_Prod|Any CPU
		{BD0CE6BC-8334-44C0-B133-8289CC72389E}.Release_Prod|x64.Build.0 = Release_Prod|Any CPU
		{BD0CE6BC-8334-44C0-B133-8289CC72389E}.Release_Utest_HF|Any CPU.ActiveCfg = Release_Utest_HF|Any CPU
		{BD0CE6BC-8334-44C0-B133-8289CC72389E}.Release_Utest_HF|Any CPU.Build.0 = Release_Utest_HF|Any CPU
		{BD0CE6BC-8334-44C0-B133-8289CC72389E}.Release_Utest_HF|x64.ActiveCfg = Release_Utest_HF|Any CPU
		{BD0CE6BC-8334-44C0-B133-8289CC72389E}.Release_Utest_HF|x64.Build.0 = Release_Utest_HF|Any CPU
		{BD0CE6BC-8334-44C0-B133-8289CC72389E}.Release_Utest|Any CPU.ActiveCfg = Release_Utest|Any CPU
		{BD0CE6BC-8334-44C0-B133-8289CC72389E}.Release_Utest|Any CPU.Build.0 = Release_Utest|Any CPU
		{BD0CE6BC-8334-44C0-B133-8289CC72389E}.Release_Utest|x64.ActiveCfg = Release_Utest|Any CPU
		{BD0CE6BC-8334-44C0-B133-8289CC72389E}.Release_Utest|x64.Build.0 = Release_Utest|Any CPU
		{BD0CE6BC-8334-44C0-B133-8289CC72389E}.Release|Any CPU.ActiveCfg = Release|Any CPU
		{BD0CE6BC-8334-44C0-B133-8289CC72389E}.Release|Any CPU.Build.0 = Release|Any CPU
		{BD0CE6BC-8334-44C0-B133-8289CC72389E}.Release|x64.ActiveCfg = Release|Any CPU
		{BD0CE6BC-8334-44C0-B133-8289CC72389E}.Release|x64.Build.0 = Release|Any CPU
		{54E47DB8-5F0F-41A8-9F41-189F66655020}.Debug|Any CPU.ActiveCfg = Debug|Any CPU
		{54E47DB8-5F0F-41A8-9F41-189F66655020}.Debug|Any CPU.Build.0 = Debug|Any CPU
		{54E47DB8-5F0F-41A8-9F41-189F66655020}.Debug|x64.ActiveCfg = Debug|Any CPU
		{54E47DB8-5F0F-41A8-9F41-189F66655020}.Debug|x64.Build.0 = Debug|Any CPU
		{54E47DB8-5F0F-41A8-9F41-189F66655020}.Release_Dev_CI|Any CPU.ActiveCfg = Release|Any CPU
		{54E47DB8-5F0F-41A8-9F41-189F66655020}.Release_Dev_CI|Any CPU.Build.0 = Release|Any CPU
		{54E47DB8-5F0F-41A8-9F41-189F66655020}.Release_Dev_CI|x64.ActiveCfg = Release|Any CPU
		{54E47DB8-5F0F-41A8-9F41-189F66655020}.Release_Dev_CI|x64.Build.0 = Release|Any CPU
		{54E47DB8-5F0F-41A8-9F41-189F66655020}.Release_Dev_HF|Any CPU.ActiveCfg = Release|Any CPU
		{54E47DB8-5F0F-41A8-9F41-189F66655020}.Release_Dev_HF|Any CPU.Build.0 = Release|Any CPU
		{54E47DB8-5F0F-41A8-9F41-189F66655020}.Release_Dev_HF|x64.ActiveCfg = Release|Any CPU
		{54E47DB8-5F0F-41A8-9F41-189F66655020}.Release_Dev_HF|x64.Build.0 = Release|Any CPU
		{54E47DB8-5F0F-41A8-9F41-189F66655020}.Release_Dev|Any CPU.ActiveCfg = Release|Any CPU
		{54E47DB8-5F0F-41A8-9F41-189F66655020}.Release_Dev|Any CPU.Build.0 = Release|Any CPU
		{54E47DB8-5F0F-41A8-9F41-189F66655020}.Release_Dev|x64.ActiveCfg = Release|Any CPU
		{54E47DB8-5F0F-41A8-9F41-189F66655020}.Release_Dev|x64.Build.0 = Release|Any CPU
		{54E47DB8-5F0F-41A8-9F41-189F66655020}.Release_PreProd|Any CPU.ActiveCfg = Release|Any CPU
		{54E47DB8-5F0F-41A8-9F41-189F66655020}.Release_PreProd|Any CPU.Build.0 = Release|Any CPU
		{54E47DB8-5F0F-41A8-9F41-189F66655020}.Release_PreProd|x64.ActiveCfg = Release|Any CPU
		{54E47DB8-5F0F-41A8-9F41-189F66655020}.Release_PreProd|x64.Build.0 = Release|Any CPU
		{54E47DB8-5F0F-41A8-9F41-189F66655020}.Release_Prod|Any CPU.ActiveCfg = Release|Any CPU
		{54E47DB8-5F0F-41A8-9F41-189F66655020}.Release_Prod|Any CPU.Build.0 = Release|Any CPU
		{54E47DB8-5F0F-41A8-9F41-189F66655020}.Release_Prod|x64.ActiveCfg = Release|Any CPU
		{54E47DB8-5F0F-41A8-9F41-189F66655020}.Release_Prod|x64.Build.0 = Release|Any CPU
		{54E47DB8-5F0F-41A8-9F41-189F66655020}.Release_Utest_HF|Any CPU.ActiveCfg = Release|Any CPU
		{54E47DB8-5F0F-41A8-9F41-189F66655020}.Release_Utest_HF|Any CPU.Build.0 = Release|Any CPU
		{54E47DB8-5F0F-41A8-9F41-189F66655020}.Release_Utest_HF|x64.ActiveCfg = Release|Any CPU
		{54E47DB8-5F0F-41A8-9F41-189F66655020}.Release_Utest_HF|x64.Build.0 = Release|Any CPU
		{54E47DB8-5F0F-41A8-9F41-189F66655020}.Release_Utest|Any CPU.ActiveCfg = Release|Any CPU
		{54E47DB8-5F0F-41A8-9F41-189F66655020}.Release_Utest|Any CPU.Build.0 = Release|Any CPU
		{54E47DB8-5F0F-41A8-9F41-189F66655020}.Release_Utest|x64.ActiveCfg = Release|Any CPU
		{54E47DB8-5F0F-41A8-9F41-189F66655020}.Release_Utest|x64.Build.0 = Release|Any CPU
		{54E47DB8-5F0F-41A8-9F41-189F66655020}.Release|Any CPU.ActiveCfg = Release|Any CPU
		{54E47DB8-5F0F-41A8-9F41-189F66655020}.Release|Any CPU.Build.0 = Release|Any CPU
		{54E47DB8-5F0F-41A8-9F41-189F66655020}.Release|x64.ActiveCfg = Release|Any CPU
		{54E47DB8-5F0F-41A8-9F41-189F66655020}.Release|x64.Build.0 = Release|Any CPU
		{70F1D4EB-98BB-480A-B1A1-F3DB138CF31C}.Debug|Any CPU.ActiveCfg = Debug|Any CPU
		{70F1D4EB-98BB-480A-B1A1-F3DB138CF31C}.Debug|Any CPU.Build.0 = Debug|Any CPU
		{70F1D4EB-98BB-480A-B1A1-F3DB138CF31C}.Debug|x64.ActiveCfg = Debug|Any CPU
		{70F1D4EB-98BB-480A-B1A1-F3DB138CF31C}.Debug|x64.Build.0 = Debug|Any CPU
		{70F1D4EB-98BB-480A-B1A1-F3DB138CF31C}.Release_Dev_CI|Any CPU.ActiveCfg = Release|Any CPU
		{70F1D4EB-98BB-480A-B1A1-F3DB138CF31C}.Release_Dev_CI|Any CPU.Build.0 = Release|Any CPU
		{70F1D4EB-98BB-480A-B1A1-F3DB138CF31C}.Release_Dev_CI|x64.ActiveCfg = Release|Any CPU
		{70F1D4EB-98BB-480A-B1A1-F3DB138CF31C}.Release_Dev_CI|x64.Build.0 = Release|Any CPU
		{70F1D4EB-98BB-480A-B1A1-F3DB138CF31C}.Release_Dev_HF|Any CPU.ActiveCfg = Release|Any CPU
		{70F1D4EB-98BB-480A-B1A1-F3DB138CF31C}.Release_Dev_HF|Any CPU.Build.0 = Release|Any CPU
		{70F1D4EB-98BB-480A-B1A1-F3DB138CF31C}.Release_Dev_HF|x64.ActiveCfg = Release|Any CPU
		{70F1D4EB-98BB-480A-B1A1-F3DB138CF31C}.Release_Dev_HF|x64.Build.0 = Release|Any CPU
		{70F1D4EB-98BB-480A-B1A1-F3DB138CF31C}.Release_Dev|Any CPU.ActiveCfg = Release|Any CPU
		{70F1D4EB-98BB-480A-B1A1-F3DB138CF31C}.Release_Dev|Any CPU.Build.0 = Release|Any CPU
		{70F1D4EB-98BB-480A-B1A1-F3DB138CF31C}.Release_Dev|x64.ActiveCfg = Release|Any CPU
		{70F1D4EB-98BB-480A-B1A1-F3DB138CF31C}.Release_Dev|x64.Build.0 = Release|Any CPU
		{70F1D4EB-98BB-480A-B1A1-F3DB138CF31C}.Release_PreProd|Any CPU.ActiveCfg = Release|Any CPU
		{70F1D4EB-98BB-480A-B1A1-F3DB138CF31C}.Release_PreProd|Any CPU.Build.0 = Release|Any CPU
		{70F1D4EB-98BB-480A-B1A1-F3DB138CF31C}.Release_PreProd|x64.ActiveCfg = Release|Any CPU
		{70F1D4EB-98BB-480A-B1A1-F3DB138CF31C}.Release_PreProd|x64.Build.0 = Release|Any CPU
		{70F1D4EB-98BB-480A-B1A1-F3DB138CF31C}.Release_Prod|Any CPU.ActiveCfg = Release|Any CPU
		{70F1D4EB-98BB-480A-B1A1-F3DB138CF31C}.Release_Prod|Any CPU.Build.0 = Release|Any CPU
		{70F1D4EB-98BB-480A-B1A1-F3DB138CF31C}.Release_Prod|x64.ActiveCfg = Release|Any CPU
		{70F1D4EB-98BB-480A-B1A1-F3DB138CF31C}.Release_Prod|x64.Build.0 = Release|Any CPU
		{70F1D4EB-98BB-480A-B1A1-F3DB138CF31C}.Release_Utest_HF|Any CPU.ActiveCfg = Release|Any CPU
		{70F1D4EB-98BB-480A-B1A1-F3DB138CF31C}.Release_Utest_HF|Any CPU.Build.0 = Release|Any CPU
		{70F1D4EB-98BB-480A-B1A1-F3DB138CF31C}.Release_Utest_HF|x64.ActiveCfg = Release|Any CPU
		{70F1D4EB-98BB-480A-B1A1-F3DB138CF31C}.Release_Utest_HF|x64.Build.0 = Release|Any CPU
		{70F1D4EB-98BB-480A-B1A1-F3DB138CF31C}.Release_Utest|Any CPU.ActiveCfg = Release|Any CPU
		{70F1D4EB-98BB-480A-B1A1-F3DB138CF31C}.Release_Utest|Any CPU.Build.0 = Release|Any CPU
		{70F1D4EB-98BB-480A-B1A1-F3DB138CF31C}.Release_Utest|x64.ActiveCfg = Release|Any CPU
		{70F1D4EB-98BB-480A-B1A1-F3DB138CF31C}.Release_Utest|x64.Build.0 = Release|Any CPU
		{70F1D4EB-98BB-480A-B1A1-F3DB138CF31C}.Release|Any CPU.ActiveCfg = Release|Any CPU
		{70F1D4EB-98BB-480A-B1A1-F3DB138CF31C}.Release|Any CPU.Build.0 = Release|Any CPU
		{70F1D4EB-98BB-480A-B1A1-F3DB138CF31C}.Release|x64.ActiveCfg = Release|Any CPU
		{70F1D4EB-98BB-480A-B1A1-F3DB138CF31C}.Release|x64.Build.0 = Release|Any CPU
	EndGlobalSection
	GlobalSection(SolutionProperties) = preSolution
		HideSolutionNode = FALSE
	EndGlobalSection
	GlobalSection(ExtensibilityGlobals) = postSolution
		SolutionGuid = {2830725D-9892-4C6B-8100-5852CF4864A3}
	EndGlobalSection
EndGlobal
